
Microsoft Visual Studio Solution File, Format Version 12.00
# Visual Studio Version 17
VisualStudioVersion = 17.10.34916.146
MinimumVisualStudioVersion = 10.0.40219.1
Project("{FAE04EC0-301F-11D3-BF4B-00C04F79EFBC}") = "checkbox_Csharp", "checkbox_Csharp.csproj", "{6CA12C4E-F9CA-4DDA-8C7F-58BFF56126DC}"
EndProject
Global
	GlobalSection(SolutionConfigurationPlatforms) = preSolution
		Debug|Any CPU = Debug|Any CPU
		Release|Any CPU = Release|Any CPU
	EndGlobalSection
	GlobalSection(ProjectConfigurationPlatforms) = postSolution
		{6CA12C4E-F9CA-4DDA-8C7F-58BFF56126DC}.Debug|Any CPU.ActiveCfg = Debug|Any CPU
		{6CA12C4E-F9CA-4DDA-8C7F-58BFF56126DC}.Debug|Any CPU.Build.0 = Debug|Any CPU
		{6CA12C4E-F9CA-4DDA-8C7F-58BFF56126DC}.Release|Any CPU.ActiveCfg = Release|Any CPU
		{6CA12C4E-F9CA-4DDA-8C7F-58BFF56126DC}.Release|Any CPU.Build.0 = Release|Any CPU
	EndGlobalSection
	GlobalSection(SolutionProperties) = preSolution
		HideSolutionNode = FALSE
	EndGlobalSection
	GlobalSection(ExtensibilityGlobals) = postSolution
		SolutionGuid = {434C5D48-2C78-4305-BAF1-02388F7C7C5F}
	EndGlobalSection
EndGlobal
